
Microsoft Visual Studio Solution File, Format Version 12.00
# Visual Studio Version 17
VisualStudioVersion = 17.5.33530.505
MinimumVisualStudioVersion = 10.0.40219.1
Project("{9A19103F-16F7-4668-BE54-9A1E7A4F7556}") = "MyFirstCompiler", "MyFirstCompiler\MyFirstCompiler.csproj", "{5F90916C-CC27-46FE-830E-91980BF6DFB5}"
EndProject
Global
	GlobalSection(SolutionConfigurationPlatforms) = preSolution
		Debug|Any CPU = Debug|Any CPU
		Debug|x64 = Debug|x64
		Release|Any CPU = Release|Any CPU
		Release|x64 = Release|x64
	EndGlobalSection
	GlobalSection(ProjectConfigurationPlatforms) = postSolution
		{5F90916C-CC27-46FE-830E-91980BF6DFB5}.Debug|Any CPU.ActiveCfg = Debug|Any CPU
		{5F90916C-CC27-46FE-830E-91980BF6DFB5}.Debug|Any CPU.Build.0 = Debug|Any CPU
		{5F90916C-CC27-46FE-830E-91980BF6DFB5}.Debug|x64.ActiveCfg = Debug|x64
		{5F90916C-CC27-46FE-830E-91980BF6DFB5}.Debug|x64.Build.0 = Debug|x64
		{5F90916C-CC27-46FE-830E-91980BF6DFB5}.Release|Any CPU.ActiveCfg = Release|Any CPU
		{5F90916C-CC27-46FE-830E-91980BF6DFB5}.Release|Any CPU.Build.0 = Release|Any CPU
		{5F90916C-CC27-46FE-830E-91980BF6DFB5}.Release|x64.ActiveCfg = Release|x64
		{5F90916C-CC27-46FE-830E-91980BF6DFB5}.Release|x64.Build.0 = Release|x64
	EndGlobalSection
	GlobalSection(SolutionProperties) = preSolution
		HideSolutionNode = FALSE
	EndGlobalSection
	GlobalSection(ExtensibilityGlobals) = postSolution
		SolutionGuid = {E747B1AA-5C41-411A-A5D1-3023622C5B07}
	EndGlobalSection
EndGlobal
